
Microsoft Visual Studio Solution File, Format Version 12.00
# Visual Studio Version 17
VisualStudioVersion = 17.3.32929.385
MinimumVisualStudioVersion = 10.0.40219.1
Project("{FAE04EC0-301F-11D3-BF4B-00C04F79EFBC}") = "KrysenkoControl9", "KrysenkoControl9\KrysenkoControl9.csproj", "{8ED52AC5-7348-43ED-BDA0-18DB96057D49}"
EndProject
Global
	GlobalSection(SolutionConfigurationPlatforms) = preSolution
		Debug|Any CPU = Debug|Any CPU
		Release|Any CPU = Release|Any CPU
	EndGlobalSection
	GlobalSection(ProjectConfigurationPlatforms) = postSolution
		{8ED52AC5-7348-43ED-BDA0-18DB96057D49}.Debug|Any CPU.ActiveCfg = Debug|Any CPU
		{8ED52AC5-7348-43ED-BDA0-18DB96057D49}.Debug|Any CPU.Build.0 = Debug|Any CPU
		{8ED52AC5-7348-43ED-BDA0-18DB96057D49}.Release|Any CPU.ActiveCfg = Release|Any CPU
		{8ED52AC5-7348-43ED-BDA0-18DB96057D49}.Release|Any CPU.Build.0 = Release|Any CPU
	EndGlobalSection
	GlobalSection(SolutionProperties) = preSolution
		HideSolutionNode = FALSE
	EndGlobalSection
	GlobalSection(ExtensibilityGlobals) = postSolution
		SolutionGuid = {50814C86-2DE0-4908-B7CA-BC75D91000AB}
	EndGlobalSection
EndGlobal
